
Microsoft Visual Studio Solution File, Format Version 12.00
# Visual Studio Version 17
VisualStudioVersion = 17.3.32804.467
MinimumVisualStudioVersion = 10.0.40219.1
Project("{FAE04EC0-301F-11D3-BF4B-00C04F79EFBC}") = "Extension_Methods_EXP", "Extension_Methods_EXP\Extension_Methods_EXP.csproj", "{A3251A30-EC1A-433D-836B-BCF91DD7324B}"
EndProject
Global
	GlobalSection(SolutionConfigurationPlatforms) = preSolution
		Debug|Any CPU = Debug|Any CPU
		Release|Any CPU = Release|Any CPU
	EndGlobalSection
	GlobalSection(ProjectConfigurationPlatforms) = postSolution
		{A3251A30-EC1A-433D-836B-BCF91DD7324B}.Debug|Any CPU.ActiveCfg = Debug|Any CPU
		{A3251A30-EC1A-433D-836B-BCF91DD7324B}.Debug|Any CPU.Build.0 = Debug|Any CPU
		{A3251A30-EC1A-433D-836B-BCF91DD7324B}.Release|Any CPU.ActiveCfg = Release|Any CPU
		{A3251A30-EC1A-433D-836B-BCF91DD7324B}.Release|Any CPU.Build.0 = Release|Any CPU
	EndGlobalSection
	GlobalSection(SolutionProperties) = preSolution
		HideSolutionNode = FALSE
	EndGlobalSection
	GlobalSection(ExtensibilityGlobals) = postSolution
		SolutionGuid = {77E023E7-B2F1-4864-8936-C2B322495A2F}
	EndGlobalSection
EndGlobal
